
Microsoft Visual Studio Solution File, Format Version 12.00
# Visual Studio 16
Project("{FAE04EC0-301F-11D3-BF4B-00C04F79EFBC}") = "UniRx", "UniRx.csproj", "{D3ED8AC2-63F3-EEA8-BD34-B92016D3CC6E}"
EndProject
Project("{FAE04EC0-301F-11D3-BF4B-00C04F79EFBC}") = "SteamVR", "SteamVR.csproj", "{F6F24600-395A-6DC4-4E43-7E355B9802F0}"
EndProject
Project("{FAE04EC0-301F-11D3-BF4B-00C04F79EFBC}") = "UniRx.Async", "UniRx.Async.csproj", "{23AF742D-152D-5DFD-613B-96D9DEB4EC8D}"
EndProject
Project("{FAE04EC0-301F-11D3-BF4B-00C04F79EFBC}") = "UniRx.Examples", "UniRx.Examples.csproj", "{F1C61DA8-A4AC-1CEA-CD5F-7A48E38D537C}"
EndProject
Project("{FAE04EC0-301F-11D3-BF4B-00C04F79EFBC}") = "Assembly-CSharp", "Assembly-CSharp.csproj", "{C132594A-928C-86DF-54BB-28617E4DB357}"
EndProject
Project("{FAE04EC0-301F-11D3-BF4B-00C04F79EFBC}") = "SteamVR_Actions", "SteamVR_Actions.csproj", "{E50BFDA0-A5DC-35DF-6BEF-9249B3AE8BF5}"
EndProject
Project("{FAE04EC0-301F-11D3-BF4B-00C04F79EFBC}") = "SteamVR_Editor", "SteamVR_Editor.csproj", "{90C96488-18A3-8509-C6C8-5396EC4E3D29}"
EndProject
Project("{FAE04EC0-301F-11D3-BF4B-00C04F79EFBC}") = "SteamVR_Input_Editor", "SteamVR_Input_Editor.csproj", "{DC7F600C-5318-2533-A95C-5E085CD9A22E}"
EndProject
Project("{FAE04EC0-301F-11D3-BF4B-00C04F79EFBC}") = "Assembly-CSharp-Editor", "Assembly-CSharp-Editor.csproj", "{8885B5F4-38B4-2FD1-4555-222EB8D19738}"
EndProject
Project("{FAE04EC0-301F-11D3-BF4B-00C04F79EFBC}") = "UniRx.Async.Editor", "UniRx.Async.Editor.csproj", "{128071A2-65B8-D3DD-DD89-8227CABB9BBC}"
EndProject
Project("{FAE04EC0-301F-11D3-BF4B-00C04F79EFBC}") = "SteamVR_Windows_EditorHelper", "SteamVR_Windows_EditorHelper.csproj", "{9626581F-C20C-9ACF-4A0C-7AF65CDEC4EC}"
EndProject
Global
	GlobalSection(SolutionConfigurationPlatforms) = preSolution
		Debug|Any CPU = Debug|Any CPU
		Release|Any CPU = Release|Any CPU
	EndGlobalSection
	GlobalSection(ProjectConfigurationPlatforms) = postSolution
		{D3ED8AC2-63F3-EEA8-BD34-B92016D3CC6E}.Debug|Any CPU.ActiveCfg = Debug|Any CPU
		{D3ED8AC2-63F3-EEA8-BD34-B92016D3CC6E}.Debug|Any CPU.Build.0 = Debug|Any CPU
		{D3ED8AC2-63F3-EEA8-BD34-B92016D3CC6E}.Release|Any CPU.ActiveCfg = Release|Any CPU
		{D3ED8AC2-63F3-EEA8-BD34-B92016D3CC6E}.Release|Any CPU.Build.0 = Release|Any CPU
		{F6F24600-395A-6DC4-4E43-7E355B9802F0}.Debug|Any CPU.ActiveCfg = Debug|Any CPU
		{F6F24600-395A-6DC4-4E43-7E355B9802F0}.Debug|Any CPU.Build.0 = Debug|Any CPU
		{F6F24600-395A-6DC4-4E43-7E355B9802F0}.Release|Any CPU.ActiveCfg = Release|Any CPU
		{F6F24600-395A-6DC4-4E43-7E355B9802F0}.Release|Any CPU.Build.0 = Release|Any CPU
		{23AF742D-152D-5DFD-613B-96D9DEB4EC8D}.Debug|Any CPU.ActiveCfg = Debug|Any CPU
		{23AF742D-152D-5DFD-613B-96D9DEB4EC8D}.Debug|Any CPU.Build.0 = Debug|Any CPU
		{23AF742D-152D-5DFD-613B-96D9DEB4EC8D}.Release|Any CPU.ActiveCfg = Release|Any CPU
		{23AF742D-152D-5DFD-613B-96D9DEB4EC8D}.Release|Any CPU.Build.0 = Release|Any CPU
		{F1C61DA8-A4AC-1CEA-CD5F-7A48E38D537C}.Debug|Any CPU.ActiveCfg = Debug|Any CPU
		{F1C61DA8-A4AC-1CEA-CD5F-7A48E38D537C}.Debug|Any CPU.Build.0 = Debug|Any CPU
		{F1C61DA8-A4AC-1CEA-CD5F-7A48E38D537C}.Release|Any CPU.ActiveCfg = Release|Any CPU
		{F1C61DA8-A4AC-1CEA-CD5F-7A48E38D537C}.Release|Any CPU.Build.0 = Release|Any CPU
		{C132594A-928C-86DF-54BB-28617E4DB357}.Debug|Any CPU.ActiveCfg = Debug|Any CPU
		{C132594A-928C-86DF-54BB-28617E4DB357}.Debug|Any CPU.Build.0 = Debug|Any CPU
		{C132594A-928C-86DF-54BB-28617E4DB357}.Release|Any CPU.ActiveCfg = Release|Any CPU
		{C132594A-928C-86DF-54BB-28617E4DB357}.Release|Any CPU.Build.0 = Release|Any CPU
		{E50BFDA0-A5DC-35DF-6BEF-9249B3AE8BF5}.Debug|Any CPU.ActiveCfg = Debug|Any CPU
		{E50BFDA0-A5DC-35DF-6BEF-9249B3AE8BF5}.Debug|Any CPU.Build.0 = Debug|Any CPU
		{E50BFDA0-A5DC-35DF-6BEF-9249B3AE8BF5}.Release|Any CPU.ActiveCfg = Release|Any CPU
		{E50BFDA0-A5DC-35DF-6BEF-9249B3AE8BF5}.Release|Any CPU.Build.0 = Release|Any CPU
		{90C96488-18A3-8509-C6C8-5396EC4E3D29}.Debug|Any CPU.ActiveCfg = Debug|Any CPU
		{90C96488-18A3-8509-C6C8-5396EC4E3D29}.Debug|Any CPU.Build.0 = Debug|Any CPU
		{90C96488-18A3-8509-C6C8-5396EC4E3D29}.Release|Any CPU.ActiveCfg = Release|Any CPU
		{90C96488-18A3-8509-C6C8-5396EC4E3D29}.Release|Any CPU.Build.0 = Release|Any CPU
		{DC7F600C-5318-2533-A95C-5E085CD9A22E}.Debug|Any CPU.ActiveCfg = Debug|Any CPU
		{DC7F600C-5318-2533-A95C-5E085CD9A22E}.Debug|Any CPU.Build.0 = Debug|Any CPU
		{DC7F600C-5318-2533-A95C-5E085CD9A22E}.Release|Any CPU.ActiveCfg = Release|Any CPU
		{DC7F600C-5318-2533-A95C-5E085CD9A22E}.Release|Any CPU.Build.0 = Release|Any CPU
		{8885B5F4-38B4-2FD1-4555-222EB8D19738}.Debug|Any CPU.ActiveCfg = Debug|Any CPU
		{8885B5F4-38B4-2FD1-4555-222EB8D19738}.Debug|Any CPU.Build.0 = Debug|Any CPU
		{8885B5F4-38B4-2FD1-4555-222EB8D19738}.Release|Any CPU.ActiveCfg = Release|Any CPU
		{8885B5F4-38B4-2FD1-4555-222EB8D19738}.Release|Any CPU.Build.0 = Release|Any CPU
		{128071A2-65B8-D3DD-DD89-8227CABB9BBC}.Debug|Any CPU.ActiveCfg = Debug|Any CPU
		{128071A2-65B8-D3DD-DD89-8227CABB9BBC}.Debug|Any CPU.Build.0 = Debug|Any CPU
		{128071A2-65B8-D3DD-DD89-8227CABB9BBC}.Release|Any CPU.ActiveCfg = Release|Any CPU
		{128071A2-65B8-D3DD-DD89-8227CABB9BBC}.Release|Any CPU.Build.0 = Release|Any CPU
		{9626581F-C20C-9ACF-4A0C-7AF65CDEC4EC}.Debug|Any CPU.ActiveCfg = Debug|Any CPU
		{9626581F-C20C-9ACF-4A0C-7AF65CDEC4EC}.Debug|Any CPU.Build.0 = Debug|Any CPU
		{9626581F-C20C-9ACF-4A0C-7AF65CDEC4EC}.Release|Any CPU.ActiveCfg = Release|Any CPU
		{9626581F-C20C-9ACF-4A0C-7AF65CDEC4EC}.Release|Any CPU.Build.0 = Release|Any CPU
	EndGlobalSection
	GlobalSection(SolutionProperties) = preSolution
		HideSolutionNode = FALSE
	EndGlobalSection
EndGlobal
